
Microsoft Visual Studio Solution File, Format Version 12.00
# Visual Studio Version 17
VisualStudioVersion = 17.8.34330.188
MinimumVisualStudioVersion = 10.0.40219.1
Project("{9A19103F-16F7-4668-BE54-9A1E7A4F7556}") = "QuickService.App", "QuickService.App\QuickService.App.csproj", "{A57B787C-0C45-46C8-883F-6240E7741000}"
EndProject
Project("{9A19103F-16F7-4668-BE54-9A1E7A4F7556}") = "QuickService.ViewModels", "QuickService.ViewModels\QuickService.ViewModels.csproj", "{5D1A66CD-AA00-4E2E-85FF-344D15505590}"
EndProject
Project("{9A19103F-16F7-4668-BE54-9A1E7A4F7556}") = "QuickService.Abstract", "QuickService.Abstract\QuickService.Abstract.csproj", "{D02A9FBC-F452-45D0-AA23-53B24FD6E111}"
EndProject
Project("{9A19103F-16F7-4668-BE54-9A1E7A4F7556}") = "QuickService.Views", "QuickService.Views\QuickService.Views.csproj", "{518F0F63-94B3-43C6-ACA3-E4BBB57014E1}"
EndProject
Project("{9A19103F-16F7-4668-BE54-9A1E7A4F7556}") = "QuickService.Domain", "QuickService.Domain\QuickService.Domain.csproj", "{B76FEF06-560A-4612-B88D-8333C5C748ED}"
EndProject
Project("{9A19103F-16F7-4668-BE54-9A1E7A4F7556}") = "QuickService.Models", "QuickService.Models\QuickService.Models.csproj", "{57A3B6E4-E1BD-49B1-BAEF-5905C4C946A9}"
EndProject
Project("{FAE04EC0-301F-11D3-BF4B-00C04F79EFBC}") = "QuickService.Extensions", "QuickService.Extensions\QuickService.Extensions.csproj", "{0729C660-D2AE-4CA3-BB56-8D549E4D4C89}"
EndProject
Global
	GlobalSection(SolutionConfigurationPlatforms) = preSolution
		Debug|Any CPU = Debug|Any CPU
		Release|Any CPU = Release|Any CPU
	EndGlobalSection
	GlobalSection(ProjectConfigurationPlatforms) = postSolution
		{A57B787C-0C45-46C8-883F-6240E7741000}.Debug|Any CPU.ActiveCfg = Debug|Any CPU
		{A57B787C-0C45-46C8-883F-6240E7741000}.Debug|Any CPU.Build.0 = Debug|Any CPU
		{A57B787C-0C45-46C8-883F-6240E7741000}.Release|Any CPU.ActiveCfg = Release|Any CPU
		{A57B787C-0C45-46C8-883F-6240E7741000}.Release|Any CPU.Build.0 = Release|Any CPU
		{5D1A66CD-AA00-4E2E-85FF-344D15505590}.Debug|Any CPU.ActiveCfg = Debug|Any CPU
		{5D1A66CD-AA00-4E2E-85FF-344D15505590}.Debug|Any CPU.Build.0 = Debug|Any CPU
		{5D1A66CD-AA00-4E2E-85FF-344D15505590}.Release|Any CPU.ActiveCfg = Release|Any CPU
		{5D1A66CD-AA00-4E2E-85FF-344D15505590}.Release|Any CPU.Build.0 = Release|Any CPU
		{D02A9FBC-F452-45D0-AA23-53B24FD6E111}.Debug|Any CPU.ActiveCfg = Debug|Any CPU
		{D02A9FBC-F452-45D0-AA23-53B24FD6E111}.Debug|Any CPU.Build.0 = Debug|Any CPU
		{D02A9FBC-F452-45D0-AA23-53B24FD6E111}.Release|Any CPU.ActiveCfg = Release|Any CPU
		{D02A9FBC-F452-45D0-AA23-53B24FD6E111}.Release|Any CPU.Build.0 = Release|Any CPU
		{518F0F63-94B3-43C6-ACA3-E4BBB57014E1}.Debug|Any CPU.ActiveCfg = Debug|Any CPU
		{518F0F63-94B3-43C6-ACA3-E4BBB57014E1}.Debug|Any CPU.Build.0 = Debug|Any CPU
		{518F0F63-94B3-43C6-ACA3-E4BBB57014E1}.Release|Any CPU.ActiveCfg = Release|Any CPU
		{518F0F63-94B3-43C6-ACA3-E4BBB57014E1}.Release|Any CPU.Build.0 = Release|Any CPU
		{B76FEF06-560A-4612-B88D-8333C5C748ED}.Debug|Any CPU.ActiveCfg = Debug|Any CPU
		{B76FEF06-560A-4612-B88D-8333C5C748ED}.Debug|Any CPU.Build.0 = Debug|Any CPU
		{B76FEF06-560A-4612-B88D-8333C5C748ED}.Release|Any CPU.ActiveCfg = Release|Any CPU
		{B76FEF06-560A-4612-B88D-8333C5C748ED}.Release|Any CPU.Build.0 = Release|Any CPU
		{57A3B6E4-E1BD-49B1-BAEF-5905C4C946A9}.Debug|Any CPU.ActiveCfg = Debug|Any CPU
		{57A3B6E4-E1BD-49B1-BAEF-5905C4C946A9}.Debug|Any CPU.Build.0 = Debug|Any CPU
		{57A3B6E4-E1BD-49B1-BAEF-5905C4C946A9}.Release|Any CPU.ActiveCfg = Release|Any CPU
		{57A3B6E4-E1BD-49B1-BAEF-5905C4C946A9}.Release|Any CPU.Build.0 = Release|Any CPU
		{0729C660-D2AE-4CA3-BB56-8D549E4D4C89}.Debug|Any CPU.ActiveCfg = Debug|Any CPU
		{0729C660-D2AE-4CA3-BB56-8D549E4D4C89}.Debug|Any CPU.Build.0 = Debug|Any CPU
		{0729C660-D2AE-4CA3-BB56-8D549E4D4C89}.Release|Any CPU.ActiveCfg = Release|Any CPU
		{0729C660-D2AE-4CA3-BB56-8D549E4D4C89}.Release|Any CPU.Build.0 = Release|Any CPU
	EndGlobalSection
	GlobalSection(SolutionProperties) = preSolution
		HideSolutionNode = FALSE
	EndGlobalSection
	GlobalSection(ExtensibilityGlobals) = postSolution
		SolutionGuid = {6D40804B-69A8-442A-8A33-48655E9F6F49}
	EndGlobalSection
EndGlobal
